
Microsoft Visual Studio Solution File, Format Version 12.00
# Visual Studio Version 16
VisualStudioVersion = 16.0.29728.190
MinimumVisualStudioVersion = 10.0.40219.1
Project("{FAE04EC0-301F-11D3-BF4B-00C04F79EFBC}") = "MasterDetail.Android", "MasterDetail\MasterDetail.Android\MasterDetail.Android.csproj", "{D2AD9947-339D-4C8C-BD8A-573364E87090}"
EndProject
Project("{FAE04EC0-301F-11D3-BF4B-00C04F79EFBC}") = "MasterDetail.iOS", "MasterDetail\MasterDetail.iOS\MasterDetail.iOS.csproj", "{90FA6BEB-FB8B-4410-AD2C-C86E8A4D306F}"
EndProject
Project("{FAE04EC0-301F-11D3-BF4B-00C04F79EFBC}") = "MasterDetail", "MasterDetail\MasterDetail\MasterDetail.csproj", "{76AD60F3-958B-4B08-8713-738366E707A7}"
EndProject
Global
	GlobalSection(SolutionConfigurationPlatforms) = preSolution
		Debug|Any CPU = Debug|Any CPU
		Debug|iPhone = Debug|iPhone
		Debug|iPhoneSimulator = Debug|iPhoneSimulator
		Release|Any CPU = Release|Any CPU
		Release|iPhone = Release|iPhone
		Release|iPhoneSimulator = Release|iPhoneSimulator
	EndGlobalSection
	GlobalSection(ProjectConfigurationPlatforms) = postSolution
		{D2AD9947-339D-4C8C-BD8A-573364E87090}.Debug|Any CPU.ActiveCfg = Debug|Any CPU
		{D2AD9947-339D-4C8C-BD8A-573364E87090}.Debug|Any CPU.Build.0 = Debug|Any CPU
		{D2AD9947-339D-4C8C-BD8A-573364E87090}.Debug|Any CPU.Deploy.0 = Debug|Any CPU
		{D2AD9947-339D-4C8C-BD8A-573364E87090}.Debug|iPhone.ActiveCfg = Debug|Any CPU
		{D2AD9947-339D-4C8C-BD8A-573364E87090}.Debug|iPhone.Build.0 = Debug|Any CPU
		{D2AD9947-339D-4C8C-BD8A-573364E87090}.Debug|iPhone.Deploy.0 = Debug|Any CPU
		{D2AD9947-339D-4C8C-BD8A-573364E87090}.Debug|iPhoneSimulator.ActiveCfg = Debug|Any CPU
		{D2AD9947-339D-4C8C-BD8A-573364E87090}.Debug|iPhoneSimulator.Build.0 = Debug|Any CPU
		{D2AD9947-339D-4C8C-BD8A-573364E87090}.Debug|iPhoneSimulator.Deploy.0 = Debug|Any CPU
		{D2AD9947-339D-4C8C-BD8A-573364E87090}.Release|Any CPU.ActiveCfg = Release|Any CPU
		{D2AD9947-339D-4C8C-BD8A-573364E87090}.Release|Any CPU.Build.0 = Release|Any CPU
		{D2AD9947-339D-4C8C-BD8A-573364E87090}.Release|Any CPU.Deploy.0 = Release|Any CPU
		{D2AD9947-339D-4C8C-BD8A-573364E87090}.Release|iPhone.ActiveCfg = Release|Any CPU
		{D2AD9947-339D-4C8C-BD8A-573364E87090}.Release|iPhone.Build.0 = Release|Any CPU
		{D2AD9947-339D-4C8C-BD8A-573364E87090}.Release|iPhone.Deploy.0 = Release|Any CPU
		{D2AD9947-339D-4C8C-BD8A-573364E87090}.Release|iPhoneSimulator.ActiveCfg = Release|Any CPU
		{D2AD9947-339D-4C8C-BD8A-573364E87090}.Release|iPhoneSimulator.Build.0 = Release|Any CPU
		{D2AD9947-339D-4C8C-BD8A-573364E87090}.Release|iPhoneSimulator.Deploy.0 = Release|Any CPU
		{90FA6BEB-FB8B-4410-AD2C-C86E8A4D306F}.Debug|Any CPU.ActiveCfg = Debug|iPhoneSimulator
		{90FA6BEB-FB8B-4410-AD2C-C86E8A4D306F}.Debug|Any CPU.Build.0 = Debug|iPhoneSimulator
		{90FA6BEB-FB8B-4410-AD2C-C86E8A4D306F}.Debug|Any CPU.Deploy.0 = Debug|iPhoneSimulator
		{90FA6BEB-FB8B-4410-AD2C-C86E8A4D306F}.Debug|iPhone.ActiveCfg = Debug|iPhone
		{90FA6BEB-FB8B-4410-AD2C-C86E8A4D306F}.Debug|iPhone.Build.0 = Debug|iPhone
		{90FA6BEB-FB8B-4410-AD2C-C86E8A4D306F}.Debug|iPhone.Deploy.0 = Debug|iPhone
		{90FA6BEB-FB8B-4410-AD2C-C86E8A4D306F}.Debug|iPhoneSimulator.ActiveCfg = Debug|iPhoneSimulator
		{90FA6BEB-FB8B-4410-AD2C-C86E8A4D306F}.Debug|iPhoneSimulator.Build.0 = Debug|iPhoneSimulator
		{90FA6BEB-FB8B-4410-AD2C-C86E8A4D306F}.Debug|iPhoneSimulator.Deploy.0 = Debug|iPhoneSimulator
		{90FA6BEB-FB8B-4410-AD2C-C86E8A4D306F}.Release|Any CPU.ActiveCfg = Release|iPhone
		{90FA6BEB-FB8B-4410-AD2C-C86E8A4D306F}.Release|Any CPU.Build.0 = Release|iPhone
		{90FA6BEB-FB8B-4410-AD2C-C86E8A4D306F}.Release|Any CPU.Deploy.0 = Release|iPhone
		{90FA6BEB-FB8B-4410-AD2C-C86E8A4D306F}.Release|iPhone.ActiveCfg = Release|iPhone
		{90FA6BEB-FB8B-4410-AD2C-C86E8A4D306F}.Release|iPhone.Build.0 = Release|iPhone
		{90FA6BEB-FB8B-4410-AD2C-C86E8A4D306F}.Release|iPhone.Deploy.0 = Release|iPhone
		{90FA6BEB-FB8B-4410-AD2C-C86E8A4D306F}.Release|iPhoneSimulator.ActiveCfg = Release|iPhoneSimulator
		{90FA6BEB-FB8B-4410-AD2C-C86E8A4D306F}.Release|iPhoneSimulator.Build.0 = Release|iPhoneSimulator
		{90FA6BEB-FB8B-4410-AD2C-C86E8A4D306F}.Release|iPhoneSimulator.Deploy.0 = Release|iPhoneSimulator
		{76AD60F3-958B-4B08-8713-738366E707A7}.Debug|Any CPU.ActiveCfg = Debug|Any CPU
		{76AD60F3-958B-4B08-8713-738366E707A7}.Debug|Any CPU.Build.0 = Debug|Any CPU
		{76AD60F3-958B-4B08-8713-738366E707A7}.Debug|Any CPU.Deploy.0 = Debug|Any CPU
		{76AD60F3-958B-4B08-8713-738366E707A7}.Debug|iPhone.ActiveCfg = Debug|Any CPU
		{76AD60F3-958B-4B08-8713-738366E707A7}.Debug|iPhone.Build.0 = Debug|Any CPU
		{76AD60F3-958B-4B08-8713-738366E707A7}.Debug|iPhone.Deploy.0 = Debug|Any CPU
		{76AD60F3-958B-4B08-8713-738366E707A7}.Debug|iPhoneSimulator.ActiveCfg = Debug|Any CPU
		{76AD60F3-958B-4B08-8713-738366E707A7}.Debug|iPhoneSimulator.Build.0 = Debug|Any CPU
		{76AD60F3-958B-4B08-8713-738366E707A7}.Debug|iPhoneSimulator.Deploy.0 = Debug|Any CPU
		{76AD60F3-958B-4B08-8713-738366E707A7}.Release|Any CPU.ActiveCfg = Release|Any CPU
		{76AD60F3-958B-4B08-8713-738366E707A7}.Release|Any CPU.Build.0 = Release|Any CPU
		{76AD60F3-958B-4B08-8713-738366E707A7}.Release|Any CPU.Deploy.0 = Release|Any CPU
		{76AD60F3-958B-4B08-8713-738366E707A7}.Release|iPhone.ActiveCfg = Release|Any CPU
		{76AD60F3-958B-4B08-8713-738366E707A7}.Release|iPhone.Build.0 = Release|Any CPU
		{76AD60F3-958B-4B08-8713-738366E707A7}.Release|iPhone.Deploy.0 = Release|Any CPU
		{76AD60F3-958B-4B08-8713-738366E707A7}.Release|iPhoneSimulator.ActiveCfg = Release|Any CPU
		{76AD60F3-958B-4B08-8713-738366E707A7}.Release|iPhoneSimulator.Build.0 = Release|Any CPU
		{76AD60F3-958B-4B08-8713-738366E707A7}.Release|iPhoneSimulator.Deploy.0 = Release|Any CPU
	EndGlobalSection
	GlobalSection(SolutionProperties) = preSolution
		HideSolutionNode = FALSE
	EndGlobalSection
	GlobalSection(ExtensibilityGlobals) = postSolution
		SolutionGuid = {4AE93D9E-E936-4038-B0D5-56BD5BAF8CB3}
	EndGlobalSection
EndGlobal
